// !$*UTF8*$!
{
	archiveVersion = 1;
	classes = {
	};
	objectVersion = 56;
	objects = {

/* Begin PBXBuildFile section */
		784B1FF328E84B5900D09CE4 /* SplashScreen.swift in Sources */ = {isa = PBXBuildFile; fileRef = 784B1FF228E84B5900D09CE4 /* SplashScreen.swift */; };
		784B1FF628E84CC900D09CE4 /* HomePage.swift in Sources */ = {isa = PBXBuildFile; fileRef = 784B1FF528E84CC900D09CE4 /* HomePage.swift */; };
		784B1FFC28E8550300D09CE4 /* IntroductionScreen.swift in Sources */ = {isa = PBXBuildFile; fileRef = 784B1FFB28E8550300D09CE4 /* IntroductionScreen.swift */; };
		78C3E33928E7587600942A91 /* GimbalAppApp.swift in Sources */ = {isa = PBXBuildFile; fileRef = 78C3E33828E7587600942A91 /* GimbalAppApp.swift */; };
		78C3E33B28E7587600942A91 /* ContentView.swift in Sources */ = {isa = PBXBuildFile; fileRef = 78C3E33A28E7587600942A91 /* ContentView.swift */; };
		78C3E33D28E7587700942A91 /* Assets.xcassets in Resources */ = {isa = PBXBuildFile; fileRef = 78C3E33C28E7587700942A91 /* Assets.xcassets */; };
		78C3E34028E7587700942A91 /* Preview Assets.xcassets in Resources */ = {isa = PBXBuildFile; fileRef = 78C3E33F28E7587700942A91 /* Preview Assets.xcassets */; };
/* End PBXBuildFile section */

/* Begin PBXFileReference section */
		784B1FF228E84B5900D09CE4 /* SplashScreen.swift */ = {isa = PBXFileReference; lastKnownFileType = sourcecode.swift; path = SplashScreen.swift; sourceTree = "<group>"; };
		784B1FF528E84CC900D09CE4 /* HomePage.swift */ = {isa = PBXFileReference; lastKnownFileType = sourcecode.swift; path = HomePage.swift; sourceTree = "<group>"; };
		784B1FFB28E8550300D09CE4 /* IntroductionScreen.swift */ = {isa = PBXFileReference; lastKnownFileType = sourcecode.swift; path = IntroductionScreen.swift; sourceTree = "<group>"; };
		78C3E33528E7587600942A91 /* GimbalApp.app */ = {isa = PBXFileReference; explicitFileType = wrapper.application; includeInIndex = 0; path = GimbalApp.app; sourceTree = BUILT_PRODUCTS_DIR; };
		78C3E33828E7587600942A91 /* GimbalAppApp.swift */ = {isa = PBXFileReference; lastKnownFileType = sourcecode.swift; path = GimbalAppApp.swift; sourceTree = "<group>"; };
		78C3E33A28E7587600942A91 /* ContentView.swift */ = {isa = PBXFileReference; lastKnownFileType = sourcecode.swift; path = ContentView.swift; sourceTree = "<group>"; };
		78C3E33C28E7587700942A91 /* Assets.xcassets */ = {isa = PBXFileReference; lastKnownFileType = folder.assetcatalog; path = Assets.xcassets; sourceTree = "<group>"; };
		78C3E33F28E7587700942A91 /* Preview Assets.xcassets */ = {isa = PBXFileReference; lastKnownFileType = folder.assetcatalog; path = "Preview Assets.xcassets"; sourceTree = "<group>"; };
/* End PBXFileReference section */

/* Begin PBXFrameworksBuildPhase section */
		78C3E33228E7587600942A91 /* Frameworks */ = {
			isa = PBXFrameworksBuildPhase;
			buildActionMask = 2147483647;
			files = (
			);
			runOnlyForDeploymentPostprocessing = 0;
		};
/* End PBXFrameworksBuildPhase section */

/* Begin PBXGroup section */
		784B1FF128E84A7D00D09CE4 /* SplashScreen */ = {
			isa = PBXGroup;
			children = (
				784B1FF228E84B5900D09CE4 /* SplashScreen.swift */,
			);
			path = SplashScreen;
			sourceTree = "<group>";
		};
		784B1FF428E84B7C00D09CE4 /* HomeScreen */ = {
			isa = PBXGroup;
			children = (
				784B1FF528E84CC900D09CE4 /* HomePage.swift */,
			);
			path = HomeScreen;
			sourceTree = "<group>";
		};
		784B1FF728E853D200D09CE4 /* UI */ = {
			isa = PBXGroup;
			children = (
				784B1FF828E854DB00D09CE4 /* Introduction */,
				784B1FF428E84B7C00D09CE4 /* HomeScreen */,
				784B1FF128E84A7D00D09CE4 /* SplashScreen */,
			);
			path = UI;
			sourceTree = "<group>";
		};
		784B1FF828E854DB00D09CE4 /* Introduction */ = {
			isa = PBXGroup;
			children = (
				784B1FFB28E8550300D09CE4 /* IntroductionScreen.swift */,
			);
			path = Introduction;
			sourceTree = "<group>";
		};
		78C3E32C28E7587600942A91 = {
			isa = PBXGroup;
			children = (
				78C3E33728E7587600942A91 /* GimbalApp */,
				78C3E33628E7587600942A91 /* Products */,
			);
			sourceTree = "<group>";
		};
		78C3E33628E7587600942A91 /* Products */ = {
			isa = PBXGroup;
			children = (
				78C3E33528E7587600942A91 /* GimbalApp.app */,
			);
			name = Products;
			sourceTree = "<group>";
		};
		78C3E33728E7587600942A91 /* GimbalApp */ = {
			isa = PBXGroup;
			children = (
				784B1FF728E853D200D09CE4 /* UI */,
				78C3E33828E7587600942A91 /* GimbalAppApp.swift */,
				78C3E33A28E7587600942A91 /* ContentView.swift */,
				78C3E33C28E7587700942A91 /* Assets.xcassets */,
				78C3E33E28E7587700942A91 /* Preview Content */,
			);
			path = GimbalApp;
			sourceTree = "<group>";
		};
		78C3E33E28E7587700942A91 /* Preview Content */ = {
			isa = PBXGroup;
			children = (
				78C3E33F28E7587700942A91 /* Preview Assets.xcassets */,
			);
			path = "Preview Content";
			sourceTree = "<group>";
		};
/* End PBXGroup section */

/* Begin PBXNativeTarget section */
		78C3E33428E7587600942A91 /* GimbalApp */ = {
			isa = PBXNativeTarget;
			buildConfigurationList = 78C3E34328E7587700942A91 /* Build configuration list for PBXNativeTarget "GimbalApp" */;
			buildPhases = (
				78C3E33128E7587600942A91 /* Sources */,
				78C3E33228E7587600942A91 /* Frameworks */,
				78C3E33328E7587600942A91 /* Resources */,
			);
			buildRules = (
			);
			dependencies = (
			);
			name = GimbalApp;
			productName = GimbalApp;
			productReference = 78C3E33528E7587600942A91 /* GimbalApp.app */;
			productType = "com.apple.product-type.application";
		};
/* End PBXNativeTarget section */

/* Begin PBXProject section */
		78C3E32D28E7587600942A91 /* Project object */ = {
			isa = PBXProject;
			attributes = {
				BuildIndependentTargetsInParallel = 1;
				LastSwiftUpdateCheck = 1400;
				LastUpgradeCheck = 1400;
				TargetAttributes = {
					78C3E33428E7587600942A91 = {
						CreatedOnToolsVersion = 14.0;
					};
				};
			};
			buildConfigurationList = 78C3E33028E7587600942A91 /* Build configuration list for PBXProject "GimbalApp" */;
			compatibilityVersion = "Xcode 14.0";
			developmentRegion = en;
			hasScannedForEncodings = 0;
			knownRegions = (
				en,
				Base,
			);
			mainGroup = 78C3E32C28E7587600942A91;
			productRefGroup = 78C3E33628E7587600942A91 /* Products */;
			projectDirPath = "";
			projectRoot = "";
			targets = (
				78C3E33428E7587600942A91 /* GimbalApp */,
			);
		};
/* End PBXProject section */

/* Begin PBXResourcesBuildPhase section */
		78C3E33328E7587600942A91 /* Resources */ = {
			isa = PBXResourcesBuildPhase;
			buildActionMask = 2147483647;
			files = (
				78C3E34028E7587700942A91 /* Preview Assets.xcassets in Resources */,
				78C3E33D28E7587700942A91 /* Assets.xcassets in Resources */,
			);
			runOnlyForDeploymentPostprocessing = 0;
		};
/* End PBXResourcesBuildPhase section */

/* Begin PBXSourcesBuildPhase section */
		78C3E33128E7587600942A91 /* Sources */ = {
			isa = PBXSourcesBuildPhase;
			buildActionMask = 2147483647;
			files = (
				784B1FF328E84B5900D09CE4 /* SplashScreen.swift in Sources */,
				78C3E33B28E7587600942A91 /* ContentView.swift in Sources */,
				78C3E33928E7587600942A91 /* GimbalAppApp.swift in Sources */,
				784B1FFC28E8550300D09CE4 /* IntroductionScreen.swift in Sources */,
				784B1FF628E84CC900D09CE4 /* HomePage.swift in Sources */,
			);
			runOnlyForDeploymentPostprocessing = 0;
		};
/* End PBXSourcesBuildPhase section */

/* Begin XCBuildConfiguration section */
		78C3E34128E7587700942A91 /* Debug */ = {
			isa = XCBuildConfiguration;
			buildSettings = {
				ALWAYS_SEARCH_USER_PATHS = NO;
				CLANG_ANALYZER_NONNULL = YES;
				CLANG_ANALYZER_NUMBER_OBJECT_CONVERSION = YES_AGGRESSIVE;
				CLANG_CXX_LANGUAGE_STANDARD = "gnu++20";
				CLANG_ENABLE_MODULES = YES;
				CLANG_ENABLE_OBJC_ARC = YES;
				CLANG_ENABLE_OBJC_WEAK = YES;
				CLANG_WARN_BLOCK_CAPTURE_AUTORELEASING = YES;
				CLANG_WARN_BOOL_CONVERSION = YES;
				CLANG_WARN_COMMA = YES;
				CLANG_WARN_CONSTANT_CONVERSION = YES;
				CLANG_WARN_DEPRECATED_OBJC_IMPLEMENTATIONS = YES;
				CLANG_WARN_DIRECT_OBJC_ISA_USAGE = YES_ERROR;
				CLANG_WARN_DOCUMENTATION_COMMENTS = YES;
				CLANG_WARN_EMPTY_BODY = YES;
				CLANG_WARN_ENUM_CONVERSION = YES;
				CLANG_WARN_INFINITE_RECURSION = YES;
				CLANG_WARN_INT_CONVERSION = YES;
				CLANG_WARN_NON_LITERAL_NULL_CONVERSION = YES;
				CLANG_WARN_OBJC_IMPLICIT_RETAIN_SELF = YES;
				CLANG_WARN_OBJC_LITERAL_CONVERSION = YES;
				CLANG_WARN_OBJC_ROOT_CLASS = YES_ERROR;
				CLANG_WARN_QUOTED_INCLUDE_IN_FRAMEWORK_HEADER = YES;
				CLANG_WARN_RANGE_LOOP_ANALYSIS = YES;
				CLANG_WARN_STRICT_PROTOTYPES = YES;
				CLANG_WARN_SUSPICIOUS_MOVE = YES;
				CLANG_WARN_UNGUARDED_AVAILABILITY = YES_AGGRESSIVE;
				CLANG_WARN_UNREACHABLE_CODE = YES;
				CLANG_WARN__DUPLICATE_METHOD_MATCH = YES;
				COPY_PHASE_STRIP = NO;
				DEBUG_INFORMATION_FORMAT = dwarf;
				ENABLE_STRICT_OBJC_MSGSEND = YES;
				ENABLE_TESTABILITY = YES;
				GCC_C_LANGUAGE_STANDARD = gnu11;
				GCC_DYNAMIC_NO_PIC = NO;
				GCC_NO_COMMON_BLOCKS = YES;
				GCC_OPTIMIZATION_LEVEL = 0;
				GCC_PREPROCESSOR_DEFINITIONS = (
					"DEBUG=1",
					"$(inherited)",
				);
				GCC_WARN_64_TO_32_BIT_CONVERSION = YES;
				GCC_WARN_ABOUT_RETURN_TYPE = YES_ERROR;
				GCC_WARN_UNDECLARED_SELECTOR = YES;
				GCC_WARN_UNINITIALIZED_AUTOS = YES_AGGRESSIVE;
				GCC_WARN_UNUSED_FUNCTION = YES;
				GCC_WARN_UNUSED_VARIABLE = YES;
				IPHONEOS_DEPLOYMENT_TARGET = 16.0;
				MTL_ENABLE_DEBUG_INFO = INCLUDE_SOURCE;
				MTL_FAST_MATH = YES;
				ONLY_ACTIVE_ARCH = YES;
				SDKROOT = iphoneos;
				SWIFT_ACTIVE_COMPILATION_CONDITIONS = DEBUG;
				SWIFT_OPTIMIZATION_LEVEL = "-Onone";
			};
			name = Debug;
		};
		78C3E34228E7587700942A91 /* Release */ = {
			isa = XCBuildConfiguration;
			buildSettings = {
				ALWAYS_SEARCH_USER_PATHS = NO;
				CLANG_ANALYZER_NONNULL = YES;
				CLANG_ANALYZER_NUMBER_OBJECT_CONVERSION = YES_AGGRESSIVE;
				CLANG_CXX_LANGUAGE_STANDARD = "gnu++20";
				CLANG_ENABLE_MODULES = YES;
				CLANG_ENABLE_OBJC_ARC = YES;
				CLANG_ENABLE_OBJC_WEAK = YES;
				CLANG_WARN_BLOCK_CAPTURE_AUTORELEASING = YES;
				CLANG_WARN_BOOL_CONVERSION = YES;
				CLANG_WARN_COMMA = YES;
				CLANG_WARN_CONSTANT_CONVERSION = YES;
				CLANG_WARN_DEPRECATED_OBJC_IMPLEMENTATIONS = YES;
				CLANG_WARN_DIRECT_OBJC_ISA_USAGE = YES_ERROR;
				CLANG_WARN_DOCUMENTATION_COMMENTS = YES;
				CLANG_WARN_EMPTY_BODY = YES;
				CLANG_WARN_ENUM_CONVERSION = YES;
				CLANG_WARN_INFINITE_RECURSION = YES;
				CLANG_WARN_INT_CONVERSION = YES;
				CLANG_WARN_NON_LITERAL_NULL_CONVERSION = YES;
				CLANG_WARN_OBJC_IMPLICIT_RETAIN_SELF = YES;
				CLANG_WARN_OBJC_LITERAL_CONVERSION = YES;
				CLANG_WARN_OBJC_ROOT_CLASS = YES_ERROR;
				CLANG_WARN_QUOTED_INCLUDE_IN_FRAMEWORK_HEADER = YES;
				CLANG_WARN_RANGE_LOOP_ANALYSIS = YES;
				CLANG_WARN_STRICT_PROTOTYPES = YES;
				CLANG_WARN_SUSPICIOUS_MOVE = YES;
				CLANG_WARN_UNGUARDED_AVAILABILITY = YES_AGGRESSIVE;
				CLANG_WARN_UNREACHABLE_CODE = YES;
				CLANG_WARN__DUPLICATE_METHOD_MATCH = YES;
				COPY_PHASE_STRIP = NO;
				DEBUG_INFORMATION_FORMAT = "dwarf-with-dsym";
				ENABLE_NS_ASSERTIONS = NO;
				ENABLE_STRICT_OBJC_MSGSEND = YES;
				GCC_C_LANGUAGE_STANDARD = gnu11;
				GCC_NO_COMMON_BLOCKS = YES;
				GCC_WARN_64_TO_32_BIT_CONVERSION = YES;
				GCC_WARN_ABOUT_RETURN_TYPE = YES_ERROR;
				GCC_WARN_UNDECLARED_SELECTOR = YES;
				GCC_WARN_UNINITIALIZED_AUTOS = YES_AGGRESSIVE;
				GCC_WARN_UNUSED_FUNCTION = YES;
				GCC_WARN_UNUSED_VARIABLE = YES;
				IPHONEOS_DEPLOYMENT_TARGET = 16.0;
				MTL_ENABLE_DEBUG_INFO = NO;
				MTL_FAST_MATH = YES;
				SDKROOT = iphoneos;
				SWIFT_COMPILATION_MODE = wholemodule;
				SWIFT_OPTIMIZATION_LEVEL = "-O";
				VALIDATE_PRODUCT = YES;
			};
			name = Release;
		};
		78C3E34428E7587700942A91 /* Debug */ = {
			isa = XCBuildConfiguration;
			buildSettings = {
				ASSETCATALOG_COMPILER_APPICON_NAME = AppIcon;
				ASSETCATALOG_COMPILER_GLOBAL_ACCENT_COLOR_NAME = AccentColor;
				CODE_SIGN_STYLE = Automatic;
				CURRENT_PROJECT_VERSION = 1;
				DEVELOPMENT_ASSET_PATHS = "\"GimbalApp/Preview Content\"";
				DEVELOPMENT_TEAM = H64U4G92AS;
				ENABLE_PREVIEWS = YES;
				GENERATE_INFOPLIST_FILE = YES;
				INFOPLIST_KEY_UIApplicationSceneManifest_Generation = YES;
				INFOPLIST_KEY_UIApplicationSupportsIndirectInputEvents = YES;
				INFOPLIST_KEY_UILaunchScreen_Generation = YES;
				INFOPLIST_KEY_UISupportedInterfaceOrientations_iPad = "UIInterfaceOrientationPortrait UIInterfaceOrientationPortraitUpsideDown UIInterfaceOrientationLandscapeLeft UIInterfaceOrientationLandscapeRight";
				INFOPLIST_KEY_UISupportedInterfaceOrientations_iPhone = "UIInterfaceOrientationPortrait UIInterfaceOrientationLandscapeLeft UIInterfaceOrientationLandscapeRight";
				LD_RUNPATH_SEARCH_PATHS = (
					"$(inherited)",
					"@executable_path/Frameworks",
				);
				MARKETING_VERSION = 1.0;
				PRODUCT_BUNDLE_IDENTIFIER = space.bijan.academy.GimbalApp;
				PRODUCT_NAME = "$(TARGET_NAME)";
				SWIFT_EMIT_LOC_STRINGS = YES;
				SWIFT_VERSION = 5.0;
				TARGETED_DEVICE_FAMILY = "1,2";
			};
			name = Debug;
		};
		78C3E34528E7587700942A91 /* Release */ = {
			isa = XCBuildConfiguration;
			buildSettings = {
				ASSETCATALOG_COMPILER_APPICON_NAME = AppIcon;
				ASSETCATALOG_COMPILER_GLOBAL_ACCENT_COLOR_NAME = AccentColor;
				CODE_SIGN_STYLE = Automatic;
				CURRENT_PROJECT_VERSION = 1;
				DEVELOPMENT_ASSET_PATHS = "\"GimbalApp/Preview Content\"";
				DEVELOPMENT_TEAM = H64U4G92AS;
				ENABLE_PREVIEWS = YES;
				GENERATE_INFOPLIST_FILE = YES;
				INFOPLIST_KEY_UIApplicationSceneManifest_Generation = YES;
				INFOPLIST_KEY_UIApplicationSupportsIndirectInputEvents = YES;
				INFOPLIST_KEY_UILaunchScreen_Generation = YES;
				INFOPLIST_KEY_UISupportedInterfaceOrientations_iPad = "UIInterfaceOrientationPortrait UIInterfaceOrientationPortraitUpsideDown UIInterfaceOrientationLandscapeLeft UIInterfaceOrientationLandscapeRight";
				INFOPLIST_KEY_UISupportedInterfaceOrientations_iPhone = "UIInterfaceOrientationPortrait UIInterfaceOrientationLandscapeLeft UIInterfaceOrientationLandscapeRight";
				LD_RUNPATH_SEARCH_PATHS = (
					"$(inherited)",
					"@executable_path/Frameworks",
				);
				MARKETING_VERSION = 1.0;
				PRODUCT_BUNDLE_IDENTIFIER = space.bijan.academy.GimbalApp;
				PRODUCT_NAME = "$(TARGET_NAME)";
				SWIFT_EMIT_LOC_STRINGS = YES;
				SWIFT_VERSION = 5.0;
				TARGETED_DEVICE_FAMILY = "1,2";
			};
			name = Release;
		};
/* End XCBuildConfiguration section */

/* Begin XCConfigurationList section */
		78C3E33028E7587600942A91 /* Build configuration list for PBXProject "GimbalApp" */ = {
			isa = XCConfigurationList;
			buildConfigurations = (
				78C3E34128E7587700942A91 /* Debug */,
				78C3E34228E7587700942A91 /* Release */,
			);
			defaultConfigurationIsVisible = 0;
			defaultConfigurationName = Release;
		};
		78C3E34328E7587700942A91 /* Build configuration list for PBXNativeTarget "GimbalApp" */ = {
			isa = XCConfigurationList;
			buildConfigurations = (
				78C3E34428E7587700942A91 /* Debug */,
				78C3E34528E7587700942A91 /* Release */,
			);
			defaultConfigurationIsVisible = 0;
			defaultConfigurationName = Release;
		};
/* End XCConfigurationList section */
	};
	rootObject = 78C3E32D28E7587600942A91 /* Project object */;
}
